
Microsoft Visual Studio Solution File, Format Version 12.00
# Visual Studio Version 17
VisualStudioVersion = 17.7.34031.279
MinimumVisualStudioVersion = 10.0.40219.1
Project("{FAE04EC0-301F-11D3-BF4B-00C04F79EFBC}") = "Collaborative Resource Management System", "Collaborative Resource Management System\Collaborative Resource Management System.csproj", "{B294415D-B2B3-4B5A-BE83-D7207B8CEE9C}"
EndProject
Global
	GlobalSection(SolutionConfigurationPlatforms) = preSolution
		Debug|Any CPU = Debug|Any CPU
		Release|Any CPU = Release|Any CPU
	EndGlobalSection
	GlobalSection(ProjectConfigurationPlatforms) = postSolution
		{B294415D-B2B3-4B5A-BE83-D7207B8CEE9C}.Debug|Any CPU.ActiveCfg = Debug|Any CPU
		{B294415D-B2B3-4B5A-BE83-D7207B8CEE9C}.Debug|Any CPU.Build.0 = Debug|Any CPU
		{B294415D-B2B3-4B5A-BE83-D7207B8CEE9C}.Release|Any CPU.ActiveCfg = Release|Any CPU
		{B294415D-B2B3-4B5A-BE83-D7207B8CEE9C}.Release|Any CPU.Build.0 = Release|Any CPU
	EndGlobalSection
	GlobalSection(SolutionProperties) = preSolution
		HideSolutionNode = FALSE
	EndGlobalSection
	GlobalSection(ExtensibilityGlobals) = postSolution
		SolutionGuid = {21746134-5587-4CB9-A532-B749DAAF5325}
	EndGlobalSection
EndGlobal
